// !$*UTF8*$!
{
	archiveVersion = 1;
	classes = {
	};
	objectVersion = 50;
	objects = {

/* Begin PBXBuildFile section */
		AC353CA324D8C8D900A7E372 /* AppDelegate.swift in Sources */ = {isa = PBXBuildFile; fileRef = AC353CA224D8C8D900A7E372 /* AppDelegate.swift */; };
		AC353CA524D8C8D900A7E372 /* SceneDelegate.swift in Sources */ = {isa = PBXBuildFile; fileRef = AC353CA424D8C8D900A7E372 /* SceneDelegate.swift */; };
		AC353CA724D8C8D900A7E372 /* ViewController.swift in Sources */ = {isa = PBXBuildFile; fileRef = AC353CA624D8C8D900A7E372 /* ViewController.swift */; };
		AC353CAA24D8C8D900A7E372 /* Main.storyboard in Resources */ = {isa = PBXBuildFile; fileRef = AC353CA824D8C8D900A7E372 /* Main.storyboard */; };
		AC353CAC24D8C8DA00A7E372 /* Assets.xcassets in Resources */ = {isa = PBXBuildFile; fileRef = AC353CAB24D8C8DA00A7E372 /* Assets.xcassets */; };
		AC353CAF24D8C8DA00A7E372 /* LaunchScreen.storyboard in Resources */ = {isa = PBXBuildFile; fileRef = AC353CAD24D8C8DA00A7E372 /* LaunchScreen.storyboard */; };
/* End PBXBuildFile section */

/* Begin PBXFileReference section */
		AC353C9F24D8C8D900A7E372 /* estudoSwift1.app */ = {isa = PBXFileReference; explicitFileType = wrapper.application; includeInIndex = 0; path = estudoSwift1.app; sourceTree = BUILT_PRODUCTS_DIR; };
		AC353CA224D8C8D900A7E372 /* AppDelegate.swift */ = {isa = PBXFileReference; lastKnownFileType = sourcecode.swift; path = AppDelegate.swift; sourceTree = "<group>"; };
		AC353CA424D8C8D900A7E372 /* SceneDelegate.swift */ = {isa = PBXFileReference; lastKnownFileType = sourcecode.swift; path = SceneDelegate.swift; sourceTree = "<group>"; };
		AC353CA624D8C8D900A7E372 /* ViewController.swift */ = {isa = PBXFileReference; lastKnownFileType = sourcecode.swift; path = ViewController.swift; sourceTree = "<group>"; };
		AC353CA924D8C8D900A7E372 /* Base */ = {isa = PBXFileReference; lastKnownFileType = file.storyboard; name = Base; path = Base.lproj/Main.storyboard; sourceTree = "<group>"; };
		AC353CAB24D8C8DA00A7E372 /* Assets.xcassets */ = {isa = PBXFileReference; lastKnownFileType = folder.assetcatalog; path = Assets.xcassets; sourceTree = "<group>"; };
		AC353CAE24D8C8DA00A7E372 /* Base */ = {isa = PBXFileReference; lastKnownFileType = file.storyboard; name = Base; path = Base.lproj/LaunchScreen.storyboard; sourceTree = "<group>"; };
		AC353CB024D8C8DA00A7E372 /* Info.plist */ = {isa = PBXFileReference; lastKnownFileType = text.plist.xml; path = Info.plist; sourceTree = "<group>"; };
/* End PBXFileReference section */

/* Begin PBXFrameworksBuildPhase section */
		AC353C9C24D8C8D900A7E372 /* Frameworks */ = {
			isa = PBXFrameworksBuildPhase;
			buildActionMask = 2147483647;
			files = (
			);
			runOnlyForDeploymentPostprocessing = 0;
		};
/* End PBXFrameworksBuildPhase section */

/* Begin PBXGroup section */
		AC353C9624D8C8D900A7E372 = {
			isa = PBXGroup;
			children = (
				AC353CA124D8C8D900A7E372 /* estudoSwift1 */,
				AC353CA024D8C8D900A7E372 /* Products */,
			);
			sourceTree = "<group>";
		};
		AC353CA024D8C8D900A7E372 /* Products */ = {
			isa = PBXGroup;
			children = (
				AC353C9F24D8C8D900A7E372 /* estudoSwift1.app */,
			);
			name = Products;
			sourceTree = "<group>";
		};
		AC353CA124D8C8D900A7E372 /* estudoSwift1 */ = {
			isa = PBXGroup;
			children = (
				AC353CA424D8C8D900A7E372 /* SceneDelegate.swift */,
				AC353CA224D8C8D900A7E372 /* AppDelegate.swift */,
				AC353CA624D8C8D900A7E372 /* ViewController.swift */,
				AC353CA824D8C8D900A7E372 /* Main.storyboard */,
				AC353CAB24D8C8DA00A7E372 /* Assets.xcassets */,
				AC353CAD24D8C8DA00A7E372 /* LaunchScreen.storyboard */,
				AC353CB024D8C8DA00A7E372 /* Info.plist */,
			);
			path = estudoSwift1;
			sourceTree = "<group>";
		};
/* End PBXGroup section */

/* Begin PBXNativeTarget section */
		AC353C9E24D8C8D900A7E372 /* estudoSwift1 */ = {
			isa = PBXNativeTarget;
			buildConfigurationList = AC353CB324D8C8DA00A7E372 /* Build configuration list for PBXNativeTarget "estudoSwift1" */;
			buildPhases = (
				AC353C9B24D8C8D900A7E372 /* Sources */,
				AC353C9C24D8C8D900A7E372 /* Frameworks */,
				AC353C9D24D8C8D900A7E372 /* Resources */,
			);
			buildRules = (
			);
			dependencies = (
			);
			name = estudoSwift1;
			productName = estudoSwift1;
			productReference = AC353C9F24D8C8D900A7E372 /* estudoSwift1.app */;
			productType = "com.apple.product-type.application";
		};
/* End PBXNativeTarget section */

/* Begin PBXProject section */
		AC353C9724D8C8D900A7E372 /* Project object */ = {
			isa = PBXProject;
			attributes = {
				LastSwiftUpdateCheck = 1150;
				LastUpgradeCheck = 1150;
				ORGANIZATIONNAME = "Pedro Spínola";
				TargetAttributes = {
					AC353C9E24D8C8D900A7E372 = {
						CreatedOnToolsVersion = 11.5;
					};
				};
			};
			buildConfigurationList = AC353C9A24D8C8D900A7E372 /* Build configuration list for PBXProject "estudoSwift1" */;
			compatibilityVersion = "Xcode 9.3";
			developmentRegion = en;
			hasScannedForEncodings = 0;
			knownRegions = (
				en,
				Base,
			);
			mainGroup = AC353C9624D8C8D900A7E372;
			productRefGroup = AC353CA024D8C8D900A7E372 /* Products */;
			projectDirPath = "";
			projectRoot = "";
			targets = (
				AC353C9E24D8C8D900A7E372 /* estudoSwift1 */,
			);
		};
/* End PBXProject section */

/* Begin PBXResourcesBuildPhase section */
		AC353C9D24D8C8D900A7E372 /* Resources */ = {
			isa = PBXResourcesBuildPhase;
			buildActionMask = 2147483647;
			files = (
				AC353CAF24D8C8DA00A7E372 /* LaunchScreen.storyboard in Resources */,
				AC353CAC24D8C8DA00A7E372 /* Assets.xcassets in Resources */,
				AC353CAA24D8C8D900A7E372 /* Main.storyboard in Resources */,
			);
			runOnlyForDeploymentPostprocessing = 0;
		};
/* End PBXResourcesBuildPhase section */

/* Begin PBXSourcesBuildPhase section */
		AC353C9B24D8C8D900A7E372 /* Sources */ = {
			isa = PBXSourcesBuildPhase;
			buildActionMask = 2147483647;
			files = (
				AC353CA724D8C8D900A7E372 /* ViewController.swift in Sources */,
				AC353CA324D8C8D900A7E372 /* AppDelegate.swift in Sources */,
				AC353CA524D8C8D900A7E372 /* SceneDelegate.swift in Sources */,
			);
			runOnlyForDeploymentPostprocessing = 0;
		};
/* End PBXSourcesBuildPhase section */

/* Begin PBXVariantGroup section */
		AC353CA824D8C8D900A7E372 /* Main.storyboard */ = {
			isa = PBXVariantGroup;
			children = (
				AC353CA924D8C8D900A7E372 /* Base */,
			);
			name = Main.storyboard;
			sourceTree = "<group>";
		};
		AC353CAD24D8C8DA00A7E372 /* LaunchScreen.storyboard */ = {
			isa = PBXVariantGroup;
			children = (
				AC353CAE24D8C8DA00A7E372 /* Base */,
			);
			name = LaunchScreen.storyboard;
			sourceTree = "<group>";
		};
/* End PBXVariantGroup section */

/* Begin XCBuildConfiguration section */
		AC353CB124D8C8DA00A7E372 /* Debug */ = {
			isa = XCBuildConfiguration;
			buildSettings = {
				ALWAYS_SEARCH_USER_PATHS = NO;
				CLANG_ANALYZER_NONNULL = YES;
				CLANG_ANALYZER_NUMBER_OBJECT_CONVERSION = YES_AGGRESSIVE;
				CLANG_CXX_LANGUAGE_STANDARD = "gnu++14";
				CLANG_CXX_LIBRARY = "libc++";
				CLANG_ENABLE_MODULES = YES;
				CLANG_ENABLE_OBJC_ARC = YES;
				CLANG_ENABLE_OBJC_WEAK = YES;
				CLANG_WARN_BLOCK_CAPTURE_AUTORELEASING = YES;
				CLANG_WARN_BOOL_CONVERSION = YES;
				CLANG_WARN_COMMA = YES;
				CLANG_WARN_CONSTANT_CONVERSION = YES;
				CLANG_WARN_DEPRECATED_OBJC_IMPLEMENTATIONS = YES;
				CLANG_WARN_DIRECT_OBJC_ISA_USAGE = YES_ERROR;
				CLANG_WARN_DOCUMENTATION_COMMENTS = YES;
				CLANG_WARN_EMPTY_BODY = YES;
				CLANG_WARN_ENUM_CONVERSION = YES;
				CLANG_WARN_INFINITE_RECURSION = YES;
				CLANG_WARN_INT_CONVERSION = YES;
				CLANG_WARN_NON_LITERAL_NULL_CONVERSION = YES;
				CLANG_WARN_OBJC_IMPLICIT_RETAIN_SELF = YES;
				CLANG_WARN_OBJC_LITERAL_CONVERSION = YES;
				CLANG_WARN_OBJC_ROOT_CLASS = YES_ERROR;
				CLANG_WARN_RANGE_LOOP_ANALYSIS = YES;
				CLANG_WARN_STRICT_PROTOTYPES = YES;
				CLANG_WARN_SUSPICIOUS_MOVE = YES;
				CLANG_WARN_UNGUARDED_AVAILABILITY = YES_AGGRESSIVE;
				CLANG_WARN_UNREACHABLE_CODE = YES;
				CLANG_WARN__DUPLICATE_METHOD_MATCH = YES;
				COPY_PHASE_STRIP = NO;
				DEBUG_INFORMATION_FORMAT = dwarf;
				ENABLE_STRICT_OBJC_MSGSEND = YES;
				ENABLE_TESTABILITY = YES;
				GCC_C_LANGUAGE_STANDARD = gnu11;
				GCC_DYNAMIC_NO_PIC = NO;
				GCC_NO_COMMON_BLOCKS = YES;
				GCC_OPTIMIZATION_LEVEL = 0;
				GCC_PREPROCESSOR_DEFINITIONS = (
					"DEBUG=1",
					"$(inherited)",
				);
				GCC_WARN_64_TO_32_BIT_CONVERSION = YES;
				GCC_WARN_ABOUT_RETURN_TYPE = YES_ERROR;
				GCC_WARN_UNDECLARED_SELECTOR = YES;
				GCC_WARN_UNINITIALIZED_AUTOS = YES_AGGRESSIVE;
				GCC_WARN_UNUSED_FUNCTION = YES;
				GCC_WARN_UNUSED_VARIABLE = YES;
				IPHONEOS_DEPLOYMENT_TARGET = 13.5;
				MTL_ENABLE_DEBUG_INFO = INCLUDE_SOURCE;
				MTL_FAST_MATH = YES;
				ONLY_ACTIVE_ARCH = YES;
				SDKROOT = iphoneos;
				SWIFT_ACTIVE_COMPILATION_CONDITIONS = DEBUG;
				SWIFT_OPTIMIZATION_LEVEL = "-Onone";
			};
			name = Debug;
		};
		AC353CB224D8C8DA00A7E372 /* Release */ = {
			isa = XCBuildConfiguration;
			buildSettings = {
				ALWAYS_SEARCH_USER_PATHS = NO;
				CLANG_ANALYZER_NONNULL = YES;
				CLANG_ANALYZER_NUMBER_OBJECT_CONVERSION = YES_AGGRESSIVE;
				CLANG_CXX_LANGUAGE_STANDARD = "gnu++14";
				CLANG_CXX_LIBRARY = "libc++";
				CLANG_ENABLE_MODULES = YES;
				CLANG_ENABLE_OBJC_ARC = YES;
				CLANG_ENABLE_OBJC_WEAK = YES;
				CLANG_WARN_BLOCK_CAPTURE_AUTORELEASING = YES;
				CLANG_WARN_BOOL_CONVERSION = YES;
				CLANG_WARN_COMMA = YES;
				CLANG_WARN_CONSTANT_CONVERSION = YES;
				CLANG_WARN_DEPRECATED_OBJC_IMPLEMENTATIONS = YES;
				CLANG_WARN_DIRECT_OBJC_ISA_USAGE = YES_ERROR;
				CLANG_WARN_DOCUMENTATION_COMMENTS = YES;
				CLANG_WARN_EMPTY_BODY = YES;
				CLANG_WARN_ENUM_CONVERSION = YES;
				CLANG_WARN_INFINITE_RECURSION = YES;
				CLANG_WARN_INT_CONVERSION = YES;
				CLANG_WARN_NON_LITERAL_NULL_CONVERSION = YES;
				CLANG_WARN_OBJC_IMPLICIT_RETAIN_SELF = YES;
				CLANG_WARN_OBJC_LITERAL_CONVERSION = YES;
				CLANG_WARN_OBJC_ROOT_CLASS = YES_ERROR;
				CLANG_WARN_RANGE_LOOP_ANALYSIS = YES;
				CLANG_WARN_STRICT_PROTOTYPES = YES;
				CLANG_WARN_SUSPICIOUS_MOVE = YES;
				CLANG_WARN_UNGUARDED_AVAILABILITY = YES_AGGRESSIVE;
				CLANG_WARN_UNREACHABLE_CODE = YES;
				CLANG_WARN__DUPLICATE_METHOD_MATCH = YES;
				COPY_PHASE_STRIP = NO;
				DEBUG_INFORMATION_FORMAT = "dwarf-with-dsym";
				ENABLE_NS_ASSERTIONS = NO;
				ENABLE_STRICT_OBJC_MSGSEND = YES;
				GCC_C_LANGUAGE_STANDARD = gnu11;
				GCC_NO_COMMON_BLOCKS = YES;
				GCC_WARN_64_TO_32_BIT_CONVERSION = YES;
				GCC_WARN_ABOUT_RETURN_TYPE = YES_ERROR;
				GCC_WARN_UNDECLARED_SELECTOR = YES;
				GCC_WARN_UNINITIALIZED_AUTOS = YES_AGGRESSIVE;
				GCC_WARN_UNUSED_FUNCTION = YES;
				GCC_WARN_UNUSED_VARIABLE = YES;
				IPHONEOS_DEPLOYMENT_TARGET = 13.5;
				MTL_ENABLE_DEBUG_INFO = NO;
				MTL_FAST_MATH = YES;
				SDKROOT = iphoneos;
				SWIFT_COMPILATION_MODE = wholemodule;
				SWIFT_OPTIMIZATION_LEVEL = "-O";
				VALIDATE_PRODUCT = YES;
			};
			name = Release;
		};
		AC353CB424D8C8DA00A7E372 /* Debug */ = {
			isa = XCBuildConfiguration;
			buildSettings = {
				ASSETCATALOG_COMPILER_APPICON_NAME = AppIcon;
				CODE_SIGN_STYLE = Automatic;
				DEVELOPMENT_TEAM = 389X9SAV47;
				INFOPLIST_FILE = estudoSwift1/Info.plist;
				LD_RUNPATH_SEARCH_PATHS = (
					"$(inherited)",
					"@executable_path/Frameworks",
				);
				PRODUCT_BUNDLE_IDENTIFIER = phsa.estudoSwift1;
				PRODUCT_NAME = "$(TARGET_NAME)";
				SWIFT_VERSION = 5.0;
				TARGETED_DEVICE_FAMILY = "1,2";
			};
			name = Debug;
		};
		AC353CB524D8C8DA00A7E372 /* Release */ = {
			isa = XCBuildConfiguration;
			buildSettings = {
				ASSETCATALOG_COMPILER_APPICON_NAME = AppIcon;
				CODE_SIGN_STYLE = Automatic;
				DEVELOPMENT_TEAM = 389X9SAV47;
				INFOPLIST_FILE = estudoSwift1/Info.plist;
				LD_RUNPATH_SEARCH_PATHS = (
					"$(inherited)",
					"@executable_path/Frameworks",
				);
				PRODUCT_BUNDLE_IDENTIFIER = phsa.estudoSwift1;
				PRODUCT_NAME = "$(TARGET_NAME)";
				SWIFT_VERSION = 5.0;
				TARGETED_DEVICE_FAMILY = "1,2";
			};
			name = Release;
		};
/* End XCBuildConfiguration section */

/* Begin XCConfigurationList section */
		AC353C9A24D8C8D900A7E372 /* Build configuration list for PBXProject "estudoSwift1" */ = {
			isa = XCConfigurationList;
			buildConfigurations = (
				AC353CB124D8C8DA00A7E372 /* Debug */,
				AC353CB224D8C8DA00A7E372 /* Release */,
			);
			defaultConfigurationIsVisible = 0;
			defaultConfigurationName = Release;
		};
		AC353CB324D8C8DA00A7E372 /* Build configuration list for PBXNativeTarget "estudoSwift1" */ = {
			isa = XCConfigurationList;
			buildConfigurations = (
				AC353CB424D8C8DA00A7E372 /* Debug */,
				AC353CB524D8C8DA00A7E372 /* Release */,
			);
			defaultConfigurationIsVisible = 0;
			defaultConfigurationName = Release;
		};
/* End XCConfigurationList section */
	};
	rootObject = AC353C9724D8C8D900A7E372 /* Project object */;
}
